
Microsoft Visual Studio Solution File, Format Version 12.00
# Visual Studio Version 17
VisualStudioVersion = 17.11.35219.272
MinimumVisualStudioVersion = 10.0.40219.1
Project("{9A19103F-16F7-4668-BE54-9A1E7A4F7556}") = "DevFreela.API", "DevFreela.API\DevFreela.API.csproj", "{DD5E0D66-2C56-4D17-B4EA-0EA0C382EF10}"
EndProject
Project("{FAE04EC0-301F-11D3-BF4B-00C04F79EFBC}") = "DevFreela.Application", "DevFreela.Application\DevFreela.Application.csproj", "{0AC2130E-E34A-4F95-B953-73A028F716BE}"
EndProject
Project("{FAE04EC0-301F-11D3-BF4B-00C04F79EFBC}") = "DevFreela.Infrastructure", "DevFreela.Infrastructure\DevFreela.Infrastructure.csproj", "{9F1752C9-6CC4-4D3F-BA35-9028FBA621A4}"
EndProject
Project("{FAE04EC0-301F-11D3-BF4B-00C04F79EFBC}") = "DevFreela.Core", "DevFreela.Core\DevFreela.Core.csproj", "{C830376A-F7E8-4BF3-BF2E-7C5B9C15E19E}"
EndProject
Global
	GlobalSection(SolutionConfigurationPlatforms) = preSolution
		Debug|Any CPU = Debug|Any CPU
		Release|Any CPU = Release|Any CPU
	EndGlobalSection
	GlobalSection(ProjectConfigurationPlatforms) = postSolution
		{DD5E0D66-2C56-4D17-B4EA-0EA0C382EF10}.Debug|Any CPU.ActiveCfg = Debug|Any CPU
		{DD5E0D66-2C56-4D17-B4EA-0EA0C382EF10}.Debug|Any CPU.Build.0 = Debug|Any CPU
		{DD5E0D66-2C56-4D17-B4EA-0EA0C382EF10}.Release|Any CPU.ActiveCfg = Release|Any CPU
		{DD5E0D66-2C56-4D17-B4EA-0EA0C382EF10}.Release|Any CPU.Build.0 = Release|Any CPU
		{0AC2130E-E34A-4F95-B953-73A028F716BE}.Debug|Any CPU.ActiveCfg = Debug|Any CPU
		{0AC2130E-E34A-4F95-B953-73A028F716BE}.Debug|Any CPU.Build.0 = Debug|Any CPU
		{0AC2130E-E34A-4F95-B953-73A028F716BE}.Release|Any CPU.ActiveCfg = Release|Any CPU
		{0AC2130E-E34A-4F95-B953-73A028F716BE}.Release|Any CPU.Build.0 = Release|Any CPU
		{9F1752C9-6CC4-4D3F-BA35-9028FBA621A4}.Debug|Any CPU.ActiveCfg = Debug|Any CPU
		{9F1752C9-6CC4-4D3F-BA35-9028FBA621A4}.Debug|Any CPU.Build.0 = Debug|Any CPU
		{9F1752C9-6CC4-4D3F-BA35-9028FBA621A4}.Release|Any CPU.ActiveCfg = Release|Any CPU
		{9F1752C9-6CC4-4D3F-BA35-9028FBA621A4}.Release|Any CPU.Build.0 = Release|Any CPU
		{C830376A-F7E8-4BF3-BF2E-7C5B9C15E19E}.Debug|Any CPU.ActiveCfg = Debug|Any CPU
		{C830376A-F7E8-4BF3-BF2E-7C5B9C15E19E}.Debug|Any CPU.Build.0 = Debug|Any CPU
		{C830376A-F7E8-4BF3-BF2E-7C5B9C15E19E}.Release|Any CPU.ActiveCfg = Release|Any CPU
		{C830376A-F7E8-4BF3-BF2E-7C5B9C15E19E}.Release|Any CPU.Build.0 = Release|Any CPU
	EndGlobalSection
	GlobalSection(SolutionProperties) = preSolution
		HideSolutionNode = FALSE
	EndGlobalSection
	GlobalSection(ExtensibilityGlobals) = postSolution
		SolutionGuid = {B8676BFD-1875-4C07-B341-8209DBA09E39}
	EndGlobalSection
EndGlobal
